<?xml version="1.0" encoding="utf-8"?>
<Project ToolsVersion="4.0" xmlns="http://schemas.microsoft.com/developer/msbuild/2003">
  <ItemGroup>
    <Filter Include="Source Files">
      <UniqueIdentifier>{4FC737F1-C7A5-4376-A066-2A32D752A2FF}</UniqueIdentifier>
      <Extensions>cpp;c;cc;cxx;c++;cppm;ixx;def;odl;idl;hpj;bat;asm;asmx</Extensions>
    </Filter>
    <Filter Include="Header Files">
      <UniqueIdentifier>{93995380-89BD-4b04-88EB-625FBE52EBFB}</UniqueIdentifier>
      <Extensions>h;hh;hpp;hxx;h++;hm;inl;inc;ipp;xsd</Extensions>
    </Filter>
    <Filter Include="Resource Files">
      <UniqueIdentifier>{67DA6AB6-F800-4c08-8B7A-83BB121AAD01}</UniqueIdentifier>
      <Extensions>rc;ico;cur;bmp;dlg;rc2;rct;bin;rgs;gif;jpg;jpeg;jpe;resx;tiff;tif;png;wav;mfcribbon-ms</Extensions>
    </Filter>
  </ItemGroup>
  <ItemGroup>
    <ClInclude Include="Engine\ANBG_Engine.h">
      <Filter>Header Files</Filter>
    </ClInclude>
    <ClInclude Include="Engine\Animations.h">
      <Filter>Header Files</Filter>
    </ClInclude>
    <ClInclude Include="Engine\Buffers.h">
      <Filter>Header Files</Filter>
    </ClInclude>
    <ClInclude Include="Engine\Camera.h">
      <Filter>Header Files</Filter>
    </ClInclude>
    <ClInclude Include="Engine\Debug.h">
      <Filter>Header Files</Filter>
    </ClInclude>
    <ClInclude Include="Engine\EBO.h">
      <Filter>Header Files</Filter>
    </ClInclude>
    <ClInclude Include="Engine\GameState.h">
      <Filter>Header Files</Filter>
    </ClInclude>
    <ClInclude Include="Engine\GameWindow.h">
      <Filter>Header Files</Filter>
    </ClInclude>
    <ClInclude Include="Engine\GeneralTypes.h">
      <Filter>Header Files</Filter>
    </ClInclude>
    <ClInclude Include="Engine\Input.h">
      <Filter>Header Files</Filter>
    </ClInclude>
    <ClInclude Include="Engine\Map.h">
      <Filter>Header Files</Filter>
    </ClInclude>
    <ClInclude Include="Engine\Mesh.h">
      <Filter>Header Files</Filter>
    </ClInclude>
    <ClInclude Include="Engine\Settings.h">
      <Filter>Header Files</Filter>
    </ClInclude>
    <ClInclude Include="Engine\Shaders.h">
      <Filter>Header Files</Filter>
    </ClInclude>
    <ClInclude Include="Engine\Textures.h">
      <Filter>Header Files</Filter>
    </ClInclude>
    <ClInclude Include="Engine\uthash.h">
      <Filter>Header Files</Filter>
    </ClInclude>
    <ClInclude Include="Engine\utlist.h">
      <Filter>Header Files</Filter>
    </ClInclude>
    <ClInclude Include="Engine\VAO.h">
      <Filter>Header Files</Filter>
    </ClInclude>
    <ClInclude Include="Engine\VBO.h">
      <Filter>Header Files</Filter>
    </ClInclude>
  </ItemGroup>
  <ItemGroup>
    <ClCompile Include="Engine\Animations.c">
      <Filter>Source Files</Filter>
    </ClCompile>
    <ClCompile Include="Engine\Camera.c">
      <Filter>Source Files</Filter>
    </ClCompile>
    <ClCompile Include="Engine\EBO.c">
      <Filter>Source Files</Filter>
    </ClCompile>
    <ClCompile Include="Engine\GameState.c">
      <Filter>Source Files</Filter>
    </ClCompile>
    <ClCompile Include="Engine\Input.c">
      <Filter>Source Files</Filter>
    </ClCompile>
    <ClCompile Include="Engine\Mesh.c">
      <Filter>Source Files</Filter>
    </ClCompile>
    <ClCompile Include="Engine\Settings.c">
      <Filter>Source Files</Filter>
    </ClCompile>
    <ClCompile Include="Engine\Shaders.c">
      <Filter>Source Files</Filter>
    </ClCompile>
    <ClCompile Include="Engine\Textures.c">
      <Filter>Source Files</Filter>
    </ClCompile>
    <ClCompile Include="Engine\VAO.c">
      <Filter>Source Files</Filter>
    </ClCompile>
    <ClCompile Include="Engine\VBO.c">
      <Filter>Source Files</Filter>
    </ClCompile>
    <ClCompile Include="Libraries\Glad\src\glad.c">
      <Filter>Source Files</Filter>
    </ClCompile>
  </ItemGroup>
</Project>